Microsoft Visual Studio Solution File, Format Version 12.00
# Visual Studio Version 17
VisualStudioVersion = 17.5.2.0
MinimumVisualStudioVersion = 10.0.40219.1
Project("{FAE04EC0-301F-11D3-BF4B-00C04F79EFBC}") = "ReportesAPI", "ReportesAPI\ReportesAPI.csproj", "{204D7193-772D-55B9-2EE9-660B8A214BB7}"
EndProject
Global
	GlobalSection(SolutionConfigurationPlatforms) = preSolution
		Debug|Any CPU = Debug|Any CPU
		Release|Any CPU = Release|Any CPU
	EndGlobalSection
	GlobalSection(ProjectConfigurationPlatforms) = postSolution
		{204D7193-772D-55B9-2EE9-660B8A214BB7}.Debug|Any CPU.ActiveCfg = Debug|Any CPU
		{204D7193-772D-55B9-2EE9-660B8A214BB7}.Debug|Any CPU.Build.0 = Debug|Any CPU
		{204D7193-772D-55B9-2EE9-660B8A214BB7}.Release|Any CPU.ActiveCfg = Release|Any CPU
		{204D7193-772D-55B9-2EE9-660B8A214BB7}.Release|Any CPU.Build.0 = Release|Any CPU
	EndGlobalSection
	GlobalSection(SolutionProperties) = preSolution
		HideSolutionNode = FALSE
	EndGlobalSection
	GlobalSection(ExtensibilityGlobals) = postSolution
		SolutionGuid = {EF7CC9B6-9DEF-40EA-9282-75EEB8F14B5D}
	EndGlobalSection
EndGlobal
